// !$*UTF8*$!
{
	archiveVersion = 1;
	classes = {
	};
	objectVersion = 46;
	objects = {

/* Begin PBXBuildFile section */
		3018791F1BAFEF75009E671E /* AppDelegate.swift in Sources */ = {isa = PBXBuildFile; fileRef = 3018791E1BAFEF75009E671E /* AppDelegate.swift */; };
		301879211BAFEF75009E671E /* ViewController.swift in Sources */ = {isa = PBXBuildFile; fileRef = 301879201BAFEF75009E671E /* ViewController.swift */; };
		301879231BAFEF75009E671E /* Assets.xcassets in Resources */ = {isa = PBXBuildFile; fileRef = 301879221BAFEF75009E671E /* Assets.xcassets */; };
		301879261BAFEF75009E671E /* Main.storyboard in Resources */ = {isa = PBXBuildFile; fileRef = 301879241BAFEF75009E671E /* Main.storyboard */; };
		3018792E1BAFF084009E671E /* UtilityWindowController.swift in Sources */ = {isa = PBXBuildFile; fileRef = 3018792D1BAFF084009E671E /* UtilityWindowController.swift */; settings = {ASSET_TAGS = (); }; };
		301879301BAFF209009E671E /* UtilityPanelController.swift in Sources */ = {isa = PBXBuildFile; fileRef = 3018792F1BAFF209009E671E /* UtilityPanelController.swift */; settings = {ASSET_TAGS = (); }; };
/* End PBXBuildFile section */

/* Begin PBXFileReference section */
		3018791B1BAFEF75009E671E /* OSXUtilityPanel.app */ = {isa = PBXFileReference; explicitFileType = wrapper.application; includeInIndex = 0; path = OSXUtilityPanel.app; sourceTree = BUILT_PRODUCTS_DIR; };
		3018791E1BAFEF75009E671E /* AppDelegate.swift */ = {isa = PBXFileReference; lastKnownFileType = sourcecode.swift; path = AppDelegate.swift; sourceTree = "<group>"; };
		301879201BAFEF75009E671E /* ViewController.swift */ = {isa = PBXFileReference; lastKnownFileType = sourcecode.swift; path = ViewController.swift; sourceTree = "<group>"; };
		301879221BAFEF75009E671E /* Assets.xcassets */ = {isa = PBXFileReference; lastKnownFileType = folder.assetcatalog; path = Assets.xcassets; sourceTree = "<group>"; };
		301879251BAFEF75009E671E /* Base */ = {isa = PBXFileReference; lastKnownFileType = file.storyboard; name = Base; path = Base.lproj/Main.storyboard; sourceTree = "<group>"; };
		301879271BAFEF75009E671E /* Info.plist */ = {isa = PBXFileReference; lastKnownFileType = text.plist.xml; path = Info.plist; sourceTree = "<group>"; };
		3018792D1BAFF084009E671E /* UtilityWindowController.swift */ = {isa = PBXFileReference; fileEncoding = 4; lastKnownFileType = sourcecode.swift; path = UtilityWindowController.swift; sourceTree = "<group>"; };
		3018792F1BAFF209009E671E /* UtilityPanelController.swift */ = {isa = PBXFileReference; fileEncoding = 4; lastKnownFileType = sourcecode.swift; path = UtilityPanelController.swift; sourceTree = "<group>"; };
/* End PBXFileReference section */

/* Begin PBXFrameworksBuildPhase section */
		301879181BAFEF75009E671E /* Frameworks */ = {
			isa = PBXFrameworksBuildPhase;
			buildActionMask = 2147483647;
			files = (
			);
			runOnlyForDeploymentPostprocessing = 0;
		};
/* End PBXFrameworksBuildPhase section */

/* Begin PBXGroup section */
		301879121BAFEF75009E671E = {
			isa = PBXGroup;
			children = (
				3018791D1BAFEF75009E671E /* OSXUtilityPanel */,
				3018791C1BAFEF75009E671E /* Products */,
			);
			sourceTree = "<group>";
		};
		3018791C1BAFEF75009E671E /* Products */ = {
			isa = PBXGroup;
			children = (
				3018791B1BAFEF75009E671E /* OSXUtilityPanel.app */,
			);
			name = Products;
			sourceTree = "<group>";
		};
		3018791D1BAFEF75009E671E /* OSXUtilityPanel */ = {
			isa = PBXGroup;
			children = (
				3018791E1BAFEF75009E671E /* AppDelegate.swift */,
				301879201BAFEF75009E671E /* ViewController.swift */,
				301879221BAFEF75009E671E /* Assets.xcassets */,
				301879241BAFEF75009E671E /* Main.storyboard */,
				301879271BAFEF75009E671E /* Info.plist */,
				3018792D1BAFF084009E671E /* UtilityWindowController.swift */,
				3018792F1BAFF209009E671E /* UtilityPanelController.swift */,
			);
			path = OSXUtilityPanel;
			sourceTree = "<group>";
		};
/* End PBXGroup section */

/* Begin PBXNativeTarget section */
		3018791A1BAFEF75009E671E /* OSXUtilityPanel */ = {
			isa = PBXNativeTarget;
			buildConfigurationList = 3018792A1BAFEF75009E671E /* Build configuration list for PBXNativeTarget "OSXUtilityPanel" */;
			buildPhases = (
				301879171BAFEF75009E671E /* Sources */,
				301879181BAFEF75009E671E /* Frameworks */,
				301879191BAFEF75009E671E /* Resources */,
			);
			buildRules = (
			);
			dependencies = (
			);
			name = OSXUtilityPanel;
			productName = OSXUtilityPanel;
			productReference = 3018791B1BAFEF75009E671E /* OSXUtilityPanel.app */;
			productType = "com.apple.product-type.application";
		};
/* End PBXNativeTarget section */

/* Begin PBXProject section */
		301879131BAFEF75009E671E /* Project object */ = {
			isa = PBXProject;
			attributes = {
				LastUpgradeCheck = 0700;
				ORGANIZATIONNAME = "Andrew Calderbank";
				TargetAttributes = {
					3018791A1BAFEF75009E671E = {
						CreatedOnToolsVersion = 7.0;
					};
				};
			};
			buildConfigurationList = 301879161BAFEF75009E671E /* Build configuration list for PBXProject "OSXUtilityPanel" */;
			compatibilityVersion = "Xcode 3.2";
			developmentRegion = English;
			hasScannedForEncodings = 0;
			knownRegions = (
				en,
				Base,
			);
			mainGroup = 301879121BAFEF75009E671E;
			productRefGroup = 3018791C1BAFEF75009E671E /* Products */;
			projectDirPath = "";
			projectRoot = "";
			targets = (
				3018791A1BAFEF75009E671E /* OSXUtilityPanel */,
			);
		};
/* End PBXProject section */

/* Begin PBXResourcesBuildPhase section */
		301879191BAFEF75009E671E /* Resources */ = {
			isa = PBXResourcesBuildPhase;
			buildActionMask = 2147483647;
			files = (
				301879231BAFEF75009E671E /* Assets.xcassets in Resources */,
				301879261BAFEF75009E671E /* Main.storyboard in Resources */,
			);
			runOnlyForDeploymentPostprocessing = 0;
		};
/* End PBXResourcesBuildPhase section */

/* Begin PBXSourcesBuildPhase section */
		301879171BAFEF75009E671E /* Sources */ = {
			isa = PBXSourcesBuildPhase;
			buildActionMask = 2147483647;
			files = (
				3018792E1BAFF084009E671E /* UtilityWindowController.swift in Sources */,
				301879211BAFEF75009E671E /* ViewController.swift in Sources */,
				3018791F1BAFEF75009E671E /* AppDelegate.swift in Sources */,
				301879301BAFF209009E671E /* UtilityPanelController.swift in Sources */,
			);
			runOnlyForDeploymentPostprocessing = 0;
		};
/* End PBXSourcesBuildPhase section */

/* Begin PBXVariantGroup section */
		301879241BAFEF75009E671E /* Main.storyboard */ = {
			isa = PBXVariantGroup;
			children = (
				301879251BAFEF75009E671E /* Base */,
			);
			name = Main.storyboard;
			sourceTree = "<group>";
		};
/* End PBXVariantGroup section */

/* Begin XCBuildConfiguration section */
		301879281BAFEF75009E671E /* Debug */ = {
			isa = XCBuildConfiguration;
			buildSettings = {
				ALWAYS_SEARCH_USER_PATHS = NO;
				CLANG_CXX_LANGUAGE_STANDARD = "gnu++0x";
				CLANG_CXX_LIBRARY = "libc++";
				CLANG_ENABLE_MODULES = YES;
				CLANG_ENABLE_OBJC_ARC = YES;
				CLANG_WARN_BOOL_CONVERSION = YES;
				CLANG_WARN_CONSTANT_CONVERSION = YES;
				CLANG_WARN_DIRECT_OBJC_ISA_USAGE = YES_ERROR;
				CLANG_WARN_EMPTY_BODY = YES;
				CLANG_WARN_ENUM_CONVERSION = YES;
				CLANG_WARN_INT_CONVERSION = YES;
				CLANG_WARN_OBJC_ROOT_CLASS = YES_ERROR;
				CLANG_WARN_UNREACHABLE_CODE = YES;
				CLANG_WARN__DUPLICATE_METHOD_MATCH = YES;
				CODE_SIGN_IDENTITY = "-";
				COPY_PHASE_STRIP = NO;
				DEBUG_INFORMATION_FORMAT = dwarf;
				ENABLE_STRICT_OBJC_MSGSEND = YES;
				ENABLE_TESTABILITY = YES;
				GCC_C_LANGUAGE_STANDARD = gnu99;
				GCC_DYNAMIC_NO_PIC = NO;
				GCC_NO_COMMON_BLOCKS = YES;
				GCC_OPTIMIZATION_LEVEL = 0;
				GCC_PREPROCESSOR_DEFINITIONS = (
					"DEBUG=1",
					"$(inherited)",
				);
				GCC_WARN_64_TO_32_BIT_CONVERSION = YES;
				GCC_WARN_ABOUT_RETURN_TYPE = YES_ERROR;
				GCC_WARN_UNDECLARED_SELECTOR = YES;
				GCC_WARN_UNINITIALIZED_AUTOS = YES_AGGRESSIVE;
				GCC_WARN_UNUSED_FUNCTION = YES;
				GCC_WARN_UNUSED_VARIABLE = YES;
				MACOSX_DEPLOYMENT_TARGET = 10.11;
				MTL_ENABLE_DEBUG_INFO = YES;
				ONLY_ACTIVE_ARCH = YES;
				SDKROOT = macosx;
				SWIFT_OPTIMIZATION_LEVEL = "-Onone";
			};
			name = Debug;
		};
		301879291BAFEF75009E671E /* Release */ = {
			isa = XCBuildConfiguration;
			buildSettings = {
				ALWAYS_SEARCH_USER_PATHS = NO;
				CLANG_CXX_LANGUAGE_STANDARD = "gnu++0x";
				CLANG_CXX_LIBRARY = "libc++";
				CLANG_ENABLE_MODULES = YES;
				CLANG_ENABLE_OBJC_ARC = YES;
				CLANG_WARN_BOOL_CONVERSION = YES;
				CLANG_WARN_CONSTANT_CONVERSION = YES;
				CLANG_WARN_DIRECT_OBJC_ISA_USAGE = YES_ERROR;
				CLANG_WARN_EMPTY_BODY = YES;
				CLANG_WARN_ENUM_CONVERSION = YES;
				CLANG_WARN_INT_CONVERSION = YES;
				CLANG_WARN_OBJC_ROOT_CLASS = YES_ERROR;
				CLANG_WARN_UNREACHABLE_CODE = YES;
				CLANG_WARN__DUPLICATE_METHOD_MATCH = YES;
				CODE_SIGN_IDENTITY = "-";
				COPY_PHASE_STRIP = NO;
				DEBUG_INFORMATION_FORMAT = "dwarf-with-dsym";
				ENABLE_NS_ASSERTIONS = NO;
				ENABLE_STRICT_OBJC_MSGSEND = YES;
				GCC_C_LANGUAGE_STANDARD = gnu99;
				GCC_NO_COMMON_BLOCKS = YES;
				GCC_WARN_64_TO_32_BIT_CONVERSION = YES;
				GCC_WARN_ABOUT_RETURN_TYPE = YES_ERROR;
				GCC_WARN_UNDECLARED_SELECTOR = YES;
				GCC_WARN_UNINITIALIZED_AUTOS = YES_AGGRESSIVE;
				GCC_WARN_UNUSED_FUNCTION = YES;
				GCC_WARN_UNUSED_VARIABLE = YES;
				MACOSX_DEPLOYMENT_TARGET = 10.11;
				MTL_ENABLE_DEBUG_INFO = NO;
				SDKROOT = macosx;
			};
			name = Release;
		};
		3018792B1BAFEF75009E671E /* Debug */ = {
			isa = XCBuildConfiguration;
			buildSettings = {
				ASSETCATALOG_COMPILER_APPICON_NAME = AppIcon;
				COMBINE_HIDPI_IMAGES = YES;
				INFOPLIST_FILE = OSXUtilityPanel/Info.plist;
				LD_RUNPATH_SEARCH_PATHS = "$(inherited) @executable_path/../Frameworks";
				MACOSX_DEPLOYMENT_TARGET = 10.10;
				PRODUCT_BUNDLE_IDENTIFIER = "com.plumhead-utilities.OSXUtilityPanel";
				PRODUCT_NAME = "$(TARGET_NAME)";
			};
			name = Debug;
		};
		3018792C1BAFEF75009E671E /* Release */ = {
			isa = XCBuildConfiguration;
			buildSettings = {
				ASSETCATALOG_COMPILER_APPICON_NAME = AppIcon;
				COMBINE_HIDPI_IMAGES = YES;
				INFOPLIST_FILE = OSXUtilityPanel/Info.plist;
				LD_RUNPATH_SEARCH_PATHS = "$(inherited) @executable_path/../Frameworks";
				MACOSX_DEPLOYMENT_TARGET = 10.10;
				PRODUCT_BUNDLE_IDENTIFIER = "com.plumhead-utilities.OSXUtilityPanel";
				PRODUCT_NAME = "$(TARGET_NAME)";
			};
			name = Release;
		};
/* End XCBuildConfiguration section */

/* Begin XCConfigurationList section */
		301879161BAFEF75009E671E /* Build configuration list for PBXProject "OSXUtilityPanel" */ = {
			isa = XCConfigurationList;
			buildConfigurations = (
				301879281BAFEF75009E671E /* Debug */,
				301879291BAFEF75009E671E /* Release */,
			);
			defaultConfigurationIsVisible = 0;
			defaultConfigurationName = Release;
		};
		3018792A1BAFEF75009E671E /* Build configuration list for PBXNativeTarget "OSXUtilityPanel" */ = {
			isa = XCConfigurationList;
			buildConfigurations = (
				3018792B1BAFEF75009E671E /* Debug */,
				3018792C1BAFEF75009E671E /* Release */,
			);
			defaultConfigurationIsVisible = 0;
		};
/* End XCConfigurationList section */
	};
	rootObject = 301879131BAFEF75009E671E /* Project object */;
}
